{
  "nodes": {
    "flake-utils": {
      "inputs": {
        "systems": "systems"
      },
      "locked": {
        "lastModified": 1731533236,
        "narHash": "sha256-l0KFg5HjrsfsO/JpG+r7fRrqm12kzFHyUHqHCVpMMbI=",
        "owner": "numtide",
        "repo": "flake-utils",
        "rev": "11707dc2f618dd54ca8739b309ec4fc024de578b",
        "type": "github"
      },
      "original": {
        "owner": "numtide",
        "repo": "flake-utils",
        "type": "github"
      }
    },
    "iso639-lang": {
      "inputs": {
        "flake-utils": [
          "flake-utils"
        ],
        "nixpkgs": [
          "nixpkgs"
        ]
      },
      "locked": {
        "lastModified": 1779609647,
        "narHash": "sha256-TMuEfWcozRNX4PvUI+LO0xbc7/67Oz21uXSXCO/ASfo=",
        "owner": "jgus",
        "repo": "iso639-lang-flake",
        "rev": "8e886ae3bea91bc6eb2f8a361937c4a4cea92336",
        "type": "github"
      },
      "original": {
        "owner": "jgus",
        "ref": "v2.6.3",
        "repo": "iso639-lang-flake",
        "type": "github"
      }
    },
    "nixpkgs": {
      "locked": {
        "lastModified": 1779536132,
        "narHash": "sha256-q+fF42iv/geEbHfgSzy3tS0FF/EyD6XTZ98E6yxiBO8=",
        "owner": "NixOS",
        "repo": "nixpkgs",
        "rev": "3d8f0f3f72a6cd4d93d0ad13203f2ea1cb7e1456",
        "type": "github"
      },
      "original": {
        "owner": "NixOS",
        "ref": "nixpkgs-unstable",
        "repo": "nixpkgs",
        "type": "github"
      }
    },
    "root": {
      "inputs": {
        "flake-utils": "flake-utils",
        "iso639-lang": "iso639-lang",
        "nixpkgs": "nixpkgs",
        "slskd-api": "slskd-api"
      }
    },
    "slskd-api": {
      "inputs": {
        "flake-utils": [
          "flake-utils"
        ],
        "nixpkgs": [
          "nixpkgs"
        ]
      },
      "locked": {
        "lastModified": 1779609534,
        "narHash": "sha256-ZJTGkIaJXY5VKXgqAEEZt3mP0ufs3pabTxSlMJmL1nQ=",
        "owner": "jgus",
        "repo": "slskd-api-flake",
        "rev": "9ae2ac8e64a398090c17a5e9d51d79b7088c9f95",
        "type": "github"
      },
      "original": {
        "owner": "jgus",
        "ref": "v0.2.4",
        "repo": "slskd-api-flake",
        "type": "github"
      }
    },
    "systems": {
      "locked": {
        "lastModified": 1681028828,
        "narHash": "sha256-Vy1rq5AaRuLzOxct8nz4T6wlgyUR7zLU309k9mBC768=",
        "owner": "nix-systems",
        "repo": "default",
        "rev": "da67096a3b9bf56a91d16901293e51ba5b49a27e",
        "type": "github"
      },
      "original": {
        "owner": "nix-systems",
        "repo": "default",
        "type": "github"
      }
    }
  },
  "root": "root",
  "version": 7
}
