{
  "nodes": {
    "flake-utils": {
      "inputs": {
        "systems": "systems"
      },
      "locked": {
        "lastModified": 1731533236,
        "narHash": "sha256-l0KFg5HjrsfsO/JpG+r7fRrqm12kzFHyUHqHCVpMMbI=",
        "owner": "numtide",
        "repo": "flake-utils",
        "rev": "11707dc2f618dd54ca8739b309ec4fc024de578b",
        "type": "github"
      },
      "original": {
        "owner": "numtide",
        "repo": "flake-utils",
        "type": "github"
      }
    },
    "iso639-lang": {
      "inputs": {
        "flake-utils": [
          "flake-utils"
        ],
        "nixpkgs": [
          "nixpkgs"
        ]
      },
      "locked": {
        "lastModified": 1779522801,
        "narHash": "sha256-zwYJ3VeJcdDmWq8ntSt1du8aGCVtO3nxor8TG+FXHps=",
        "owner": "jgus",
        "repo": "iso639-lang-flake",
        "rev": "fa5a71e563bb75440e9ddc3cf71c9cfbd7d4671a",
        "type": "github"
      },
      "original": {
        "owner": "jgus",
        "ref": "v2.6.3",
        "repo": "iso639-lang-flake",
        "type": "github"
      }
    },
    "nixpkgs": {
      "locked": {
        "lastModified": 1779414690,
        "narHash": "sha256-gOTcX/9MZVMUE0Xvb4IEcv+0TQJkZFNEnL757ljU360=",
        "owner": "NixOS",
        "repo": "nixpkgs",
        "rev": "6dedf69f94d03cbe7bdde106f2d4c23ae2a853bf",
        "type": "github"
      },
      "original": {
        "owner": "NixOS",
        "ref": "nixpkgs-unstable",
        "repo": "nixpkgs",
        "type": "github"
      }
    },
    "root": {
      "inputs": {
        "flake-utils": "flake-utils",
        "iso639-lang": "iso639-lang",
        "nixpkgs": "nixpkgs",
        "slskd-api": "slskd-api"
      }
    },
    "slskd-api": {
      "inputs": {
        "flake-utils": [
          "flake-utils"
        ],
        "nixpkgs": [
          "nixpkgs"
        ]
      },
      "locked": {
        "lastModified": 1779522729,
        "narHash": "sha256-VCkavjWF2jfmzc4Y8+iVzKYoam99EK1Th7azb7gsKkU=",
        "owner": "jgus",
        "repo": "slskd-api-flake",
        "rev": "3069b1c814eeb8f790a3bae9ebbf74960cd1ebbd",
        "type": "github"
      },
      "original": {
        "owner": "jgus",
        "ref": "v0.2.4",
        "repo": "slskd-api-flake",
        "type": "github"
      }
    },
    "systems": {
      "locked": {
        "lastModified": 1681028828,
        "narHash": "sha256-Vy1rq5AaRuLzOxct8nz4T6wlgyUR7zLU309k9mBC768=",
        "owner": "nix-systems",
        "repo": "default",
        "rev": "da67096a3b9bf56a91d16901293e51ba5b49a27e",
        "type": "github"
      },
      "original": {
        "owner": "nix-systems",
        "repo": "default",
        "type": "github"
      }
    }
  },
  "root": "root",
  "version": 7
}
